
Microsoft Visual Studio Solution File, Format Version 12.00
Project("{FAE04EC0-301F-11D3-BF4B-00C04F79EFBC}") = "TechBoard", "TechBoard.csproj", "{BAAB179C-31F1-4F60-8D41-850F482A817D}"
EndProject
Global
	GlobalSection(SolutionConfigurationPlatforms) = preSolution
		Debug|Any CPU = Debug|Any CPU
		Release|Any CPU = Release|Any CPU
	EndGlobalSection
	GlobalSection(ProjectConfigurationPlatforms) = postSolution
		{BAAB179C-31F1-4F60-8D41-850F482A817D}.Debug|Any CPU.ActiveCfg = Debug|Any CPU
		{BAAB179C-31F1-4F60-8D41-850F482A817D}.Debug|Any CPU.Build.0 = Debug|Any CPU
		{BAAB179C-31F1-4F60-8D41-850F482A817D}.Release|Any CPU.ActiveCfg = Release|Any CPU
		{BAAB179C-31F1-4F60-8D41-850F482A817D}.Release|Any CPU.Build.0 = Release|Any CPU
	EndGlobalSection
EndGlobal
